
Microsoft Visual Studio Solution File, Format Version 12.00
# Visual Studio Version 17
VisualStudioVersion = 17.8.34330.188
MinimumVisualStudioVersion = 10.0.40219.1
Project("{FAE04EC0-301F-11D3-BF4B-00C04F79EFBC}") = "FeedMeEmployee", "FeedMeEmployee\FeedMeEmployee.csproj", "{4AA1B026-A931-42CB-8E1D-7B08CCB86776}"
EndProject
Global
	GlobalSection(SolutionConfigurationPlatforms) = preSolution
		Debug|Any CPU = Debug|Any CPU
		Release|Any CPU = Release|Any CPU
	EndGlobalSection
	GlobalSection(ProjectConfigurationPlatforms) = postSolution
		{4AA1B026-A931-42CB-8E1D-7B08CCB86776}.Debug|Any CPU.ActiveCfg = Debug|Any CPU
		{4AA1B026-A931-42CB-8E1D-7B08CCB86776}.Debug|Any CPU.Build.0 = Debug|Any CPU
		{4AA1B026-A931-42CB-8E1D-7B08CCB86776}.Debug|Any CPU.Deploy.0 = Debug|Any CPU
		{4AA1B026-A931-42CB-8E1D-7B08CCB86776}.Release|Any CPU.ActiveCfg = Release|Any CPU
		{4AA1B026-A931-42CB-8E1D-7B08CCB86776}.Release|Any CPU.Build.0 = Release|Any CPU
		{4AA1B026-A931-42CB-8E1D-7B08CCB86776}.Release|Any CPU.Deploy.0 = Release|Any CPU
	EndGlobalSection
	GlobalSection(SolutionProperties) = preSolution
		HideSolutionNode = FALSE
	EndGlobalSection
	GlobalSection(ExtensibilityGlobals) = postSolution
		SolutionGuid = {0183C4B7-085C-4D4C-8C29-AE638F248DD0}
	EndGlobalSection
EndGlobal
